
Microsoft Visual Studio Solution File, Format Version 12.00
# Visual Studio Version 17
VisualStudioVersion = 17.3.32929.385
MinimumVisualStudioVersion = 10.0.40219.1
Project("{FAE04EC0-301F-11D3-BF4B-00C04F79EFBC}") = "circu-sim", "circu-sim.csproj", "{2258A5D4-E656-426B-AA2C-11D500909288}"
EndProject
Global
	GlobalSection(SolutionConfigurationPlatforms) = preSolution
		Debug|Any CPU = Debug|Any CPU
		Release|Any CPU = Release|Any CPU
	EndGlobalSection
	GlobalSection(ProjectConfigurationPlatforms) = postSolution
		{2258A5D4-E656-426B-AA2C-11D500909288}.Debug|Any CPU.ActiveCfg = Debug|Any CPU
		{2258A5D4-E656-426B-AA2C-11D500909288}.Debug|Any CPU.Build.0 = Debug|Any CPU
		{2258A5D4-E656-426B-AA2C-11D500909288}.Release|Any CPU.ActiveCfg = Release|Any CPU
		{2258A5D4-E656-426B-AA2C-11D500909288}.Release|Any CPU.Build.0 = Release|Any CPU
	EndGlobalSection
	GlobalSection(SolutionProperties) = preSolution
		HideSolutionNode = FALSE
	EndGlobalSection
	GlobalSection(ExtensibilityGlobals) = postSolution
		SolutionGuid = {D75CCDCE-02A0-4CBB-B08F-96CA11FD870C}
	EndGlobalSection
EndGlobal
